<?xml version="1.0" encoding="utf-8"?>
<Project ToolsVersion="4.0" xmlns="http://schemas.microsoft.com/developer/msbuild/2003">
  <ItemGroup>
    <Filter Include="Source Files">
      <UniqueIdentifier>{4FC737F1-C7A5-4376-A066-2A32D752A2FF}</UniqueIdentifier>
      <Extensions>cpp;c;cxx;def;odl;idl;hpj;bat;asm;asmx</Extensions>
    </Filter>
    <Filter Include="Header Files">
      <UniqueIdentifier>{93995380-89BD-4b04-88EB-625FBE52EBFB}</UniqueIdentifier>
      <Extensions>h;hpp;hxx;hm;inl;inc;xsd</Extensions>
    </Filter>
    <Filter Include="Resource Files">
      <UniqueIdentifier>{67DA6AB6-F800-4c08-8B7A-83BB121AAD01}</UniqueIdentifier>
      <Extensions>rc;ico;cur;bmp;dlg;rc2;rct;bin;rgs;gif;jpg;jpeg;jpe;resx</Extensions>
    </Filter>
    <Filter Include="SDK">
      <UniqueIdentifier>{90051aaa-4e2b-47f6-89e2-44c56e14a602}</UniqueIdentifier>
    </Filter>
  </ItemGroup>
  <ItemGroup>
    <ClCompile Include="csdm_amxx.cpp">
      <Filter>Source Files</Filter>
    </ClCompile>
    <ClCompile Include="csdm_config.cpp">
      <Filter>Source Files</Filter>
    </ClCompile>
    <ClCompile Include="csdm_message.cpp">
      <Filter>Source Files</Filter>
    </ClCompile>
    <ClCompile Include="csdm_mm.cpp">
      <Filter>Source Files</Filter>
    </ClCompile>
    <ClCompile Include="csdm_natives.cpp">
      <Filter>Source Files</Filter>
    </ClCompile>
    <ClCompile Include="csdm_player.cpp">
      <Filter>Source Files</Filter>
    </ClCompile>
    <ClCompile Include="csdm_spawning.cpp">
      <Filter>Source Files</Filter>
    </ClCompile>
    <ClCompile Include="csdm_tasks.cpp">
      <Filter>Source Files</Filter>
    </ClCompile>
    <ClCompile Include="csdm_timer.cpp">
      <Filter>Source Files</Filter>
    </ClCompile>
    <ClCompile Include="csdm_util.cpp">
      <Filter>Source Files</Filter>
    </ClCompile>
    <ClCompile Include="CSigMngr.cpp">
      <Filter>Source Files</Filter>
    </ClCompile>
    <ClCompile Include="amxxmodule.cpp">
      <Filter>SDK</Filter>
    </ClCompile>
  </ItemGroup>
  <ItemGroup>
    <ClInclude Include="cs_offsets.h">
      <Filter>Header Files</Filter>
    </ClInclude>
    <ClInclude Include="csdm_amxx.h">
      <Filter>Header Files</Filter>
    </ClInclude>
    <ClInclude Include="csdm_config.h">
      <Filter>Header Files</Filter>
    </ClInclude>
    <ClInclude Include="csdm_message.h">
      <Filter>Header Files</Filter>
    </ClInclude>
    <ClInclude Include="csdm_player.h">
      <Filter>Header Files</Filter>
    </ClInclude>
    <ClInclude Include="csdm_spawning.h">
      <Filter>Header Files</Filter>
    </ClInclude>
    <ClInclude Include="csdm_tasks.h">
      <Filter>Header Files</Filter>
    </ClInclude>
    <ClInclude Include="csdm_timer.h">
      <Filter>Header Files</Filter>
    </ClInclude>
    <ClInclude Include="csdm_util.h">
      <Filter>Header Files</Filter>
    </ClInclude>
    <ClInclude Include="CSigMngr.h">
      <Filter>Header Files</Filter>
    </ClInclude>
    <ClInclude Include="amxxmodule.h">
      <Filter>SDK</Filter>
    </ClInclude>
    <ClInclude Include="CString.h">
      <Filter>SDK</Filter>
    </ClInclude>
    <ClInclude Include="CVector.h">
      <Filter>SDK</Filter>
    </ClInclude>
    <ClInclude Include="moduleconfig.h">
      <Filter>SDK</Filter>
    </ClInclude>
    <ClInclude Include="sh_list.h">
      <Filter>SDK</Filter>
    </ClInclude>
    <ClInclude Include="sh_stack.h">
      <Filter>SDK</Filter>
    </ClInclude>
    <ClInclude Include="chooker.h">
      <Filter>Header Files</Filter>
    </ClInclude>
  </ItemGroup>
  <ItemGroup>
    <ResourceCompile Include="version.rc">
      <Filter>Resource Files</Filter>
    </ResourceCompile>
  </ItemGroup>
</Project>